
Microsoft Visual Studio Solution File, Format Version 12.00
Project("{2150E333-8FDC-42A3-9474-1A3956D46DE8}") = "Core", "Core", "{F8EA0AD8-650F-4C20-9BED-48972762CEB5}"
EndProject
Project("{2150E333-8FDC-42A3-9474-1A3956D46DE8}") = "Infrastructure", "Infrastructure", "{CE5E75BC-B6C9-4907-9A1F-8F1490952323}"
EndProject
Project("{2150E333-8FDC-42A3-9474-1A3956D46DE8}") = "Presentation", "Presentation", "{F75D8CB2-7FC1-42AD-A87B-5EDA69C1E959}"
EndProject
Project("{FAE04EC0-301F-11D3-BF4B-00C04F79EFBC}") = "Movies.Domain", "Movies.Domain\Movies.Domain.csproj", "{89EA75B6-922A-4A0F-BE36-21BB25AFB0ED}"
EndProject
Project("{FAE04EC0-301F-11D3-BF4B-00C04F79EFBC}") = "Movies.Application", "Movies.Application\Movies.Application.csproj", "{274F0239-4225-4D93-B92B-1506D846FCA2}"
EndProject
Project("{FAE04EC0-301F-11D3-BF4B-00C04F79EFBC}") = "Movies.DataLayer", "Movies.DataLayer\Movies.DataLayer.csproj", "{B16E579C-46D4-4B89-9AB8-1C20137A4BBA}"
EndProject
Project("{FAE04EC0-301F-11D3-BF4B-00C04F79EFBC}") = "Movies.Api", "Movies.Api\Movies.Api.csproj", "{F6D0B07A-A4E7-477A-8D9B-047DD4424D87}"
EndProject
Project("{2150E333-8FDC-42A3-9474-1A3956D46DE8}") = "src", "src", "{3EDAE875-7B42-4BB6-B539-E35A05386BD4}"
EndProject
Project("{2150E333-8FDC-42A3-9474-1A3956D46DE8}") = "tests", "tests", "{DFB7EFF0-C65F-40AE-985D-E36B1924C78B}"
EndProject
Project("{FAE04EC0-301F-11D3-BF4B-00C04F79EFBC}") = "Movies.Application.Tests", "Movies.Application.Tests\Movies.Application.Tests.csproj", "{7FC9392C-D640-46CA-85AE-6A26F0662428}"
EndProject
Global
	GlobalSection(SolutionConfigurationPlatforms) = preSolution
		Debug|Any CPU = Debug|Any CPU
		Release|Any CPU = Release|Any CPU
	EndGlobalSection
	GlobalSection(NestedProjects) = preSolution
		{89EA75B6-922A-4A0F-BE36-21BB25AFB0ED} = {F8EA0AD8-650F-4C20-9BED-48972762CEB5}
		{274F0239-4225-4D93-B92B-1506D846FCA2} = {F8EA0AD8-650F-4C20-9BED-48972762CEB5}
		{B16E579C-46D4-4B89-9AB8-1C20137A4BBA} = {CE5E75BC-B6C9-4907-9A1F-8F1490952323}
		{F6D0B07A-A4E7-477A-8D9B-047DD4424D87} = {F75D8CB2-7FC1-42AD-A87B-5EDA69C1E959}
		{F8EA0AD8-650F-4C20-9BED-48972762CEB5} = {3EDAE875-7B42-4BB6-B539-E35A05386BD4}
		{CE5E75BC-B6C9-4907-9A1F-8F1490952323} = {3EDAE875-7B42-4BB6-B539-E35A05386BD4}
		{F75D8CB2-7FC1-42AD-A87B-5EDA69C1E959} = {3EDAE875-7B42-4BB6-B539-E35A05386BD4}
		{7FC9392C-D640-46CA-85AE-6A26F0662428} = {DFB7EFF0-C65F-40AE-985D-E36B1924C78B}
	EndGlobalSection
	GlobalSection(ProjectConfigurationPlatforms) = postSolution
		{89EA75B6-922A-4A0F-BE36-21BB25AFB0ED}.Debug|Any CPU.ActiveCfg = Debug|Any CPU
		{89EA75B6-922A-4A0F-BE36-21BB25AFB0ED}.Debug|Any CPU.Build.0 = Debug|Any CPU
		{89EA75B6-922A-4A0F-BE36-21BB25AFB0ED}.Release|Any CPU.ActiveCfg = Release|Any CPU
		{89EA75B6-922A-4A0F-BE36-21BB25AFB0ED}.Release|Any CPU.Build.0 = Release|Any CPU
		{274F0239-4225-4D93-B92B-1506D846FCA2}.Debug|Any CPU.ActiveCfg = Debug|Any CPU
		{274F0239-4225-4D93-B92B-1506D846FCA2}.Debug|Any CPU.Build.0 = Debug|Any CPU
		{274F0239-4225-4D93-B92B-1506D846FCA2}.Release|Any CPU.ActiveCfg = Release|Any CPU
		{274F0239-4225-4D93-B92B-1506D846FCA2}.Release|Any CPU.Build.0 = Release|Any CPU
		{B16E579C-46D4-4B89-9AB8-1C20137A4BBA}.Debug|Any CPU.ActiveCfg = Debug|Any CPU
		{B16E579C-46D4-4B89-9AB8-1C20137A4BBA}.Debug|Any CPU.Build.0 = Debug|Any CPU
		{B16E579C-46D4-4B89-9AB8-1C20137A4BBA}.Release|Any CPU.ActiveCfg = Release|Any CPU
		{B16E579C-46D4-4B89-9AB8-1C20137A4BBA}.Release|Any CPU.Build.0 = Release|Any CPU
		{F6D0B07A-A4E7-477A-8D9B-047DD4424D87}.Debug|Any CPU.ActiveCfg = Debug|Any CPU
		{F6D0B07A-A4E7-477A-8D9B-047DD4424D87}.Debug|Any CPU.Build.0 = Debug|Any CPU
		{F6D0B07A-A4E7-477A-8D9B-047DD4424D87}.Release|Any CPU.ActiveCfg = Release|Any CPU
		{F6D0B07A-A4E7-477A-8D9B-047DD4424D87}.Release|Any CPU.Build.0 = Release|Any CPU
		{7FC9392C-D640-46CA-85AE-6A26F0662428}.Debug|Any CPU.ActiveCfg = Debug|Any CPU
		{7FC9392C-D640-46CA-85AE-6A26F0662428}.Debug|Any CPU.Build.0 = Debug|Any CPU
		{7FC9392C-D640-46CA-85AE-6A26F0662428}.Release|Any CPU.ActiveCfg = Release|Any CPU
		{7FC9392C-D640-46CA-85AE-6A26F0662428}.Release|Any CPU.Build.0 = Release|Any CPU
	EndGlobalSection
EndGlobal
